// !$*UTF8*$!
{
	archiveVersion = 1;
	classes = {
	};
	objectVersion = 55;
	objects = {

/* Begin PBXBuildFile section */
		D469A9EB2871B6220049F1B8 /* AppDelegate.swift in Sources */ = {isa = PBXBuildFile; fileRef = D469A9EA2871B6220049F1B8 /* AppDelegate.swift */; };
		D469A9ED2871B6220049F1B8 /* SceneDelegate.swift in Sources */ = {isa = PBXBuildFile; fileRef = D469A9EC2871B6220049F1B8 /* SceneDelegate.swift */; };
		D469A9EF2871B6220049F1B8 /* ViewController.swift in Sources */ = {isa = PBXBuildFile; fileRef = D469A9EE2871B6220049F1B8 /* ViewController.swift */; };
		D469A9F42871B6270049F1B8 /* Assets.xcassets in Resources */ = {isa = PBXBuildFile; fileRef = D469A9F32871B6270049F1B8 /* Assets.xcassets */; };
		D469A9F72871B6270049F1B8 /* LaunchScreen.storyboard in Resources */ = {isa = PBXBuildFile; fileRef = D469A9F52871B6270049F1B8 /* LaunchScreen.storyboard */; };
		D469AA022871B6280049F1B8 /* TodoTimerTests.swift in Sources */ = {isa = PBXBuildFile; fileRef = D469AA012871B6280049F1B8 /* TodoTimerTests.swift */; };
		D469AA0C2871B6280049F1B8 /* TodoTimerUITests.swift in Sources */ = {isa = PBXBuildFile; fileRef = D469AA0B2871B6280049F1B8 /* TodoTimerUITests.swift */; };
		D469AA0E2871B6280049F1B8 /* TodoTimerUITestsLaunchTests.swift in Sources */ = {isa = PBXBuildFile; fileRef = D469AA0D2871B6280049F1B8 /* TodoTimerUITestsLaunchTests.swift */; };
		D469AA222871BB340049F1B8 /* SnapKit in Frameworks */ = {isa = PBXBuildFile; productRef = D469AA212871BB340049F1B8 /* SnapKit */; };
		D469AA252871BBA50049F1B8 /* TimerViewController.swift in Sources */ = {isa = PBXBuildFile; fileRef = D469AA242871BBA50049F1B8 /* TimerViewController.swift */; };
		D469AA272871BBD20049F1B8 /* TimerLabel.swift in Sources */ = {isa = PBXBuildFile; fileRef = D469AA262871BBD10049F1B8 /* TimerLabel.swift */; };
		D469AA2A2871C11A0049F1B8 /* UIColorExtension.swift in Sources */ = {isa = PBXBuildFile; fileRef = D469AA292871C11A0049F1B8 /* UIColorExtension.swift */; };
		D469AA2C2871CA0E0049F1B8 /* TimerButton.swift in Sources */ = {isa = PBXBuildFile; fileRef = D469AA2B2871CA0E0049F1B8 /* TimerButton.swift */; };
		D469AA2E2871CC510049F1B8 /* TodoLabel.swift in Sources */ = {isa = PBXBuildFile; fileRef = D469AA2D2871CC510049F1B8 /* TodoLabel.swift */; };
		D469AA382871CFED0049F1B8 /* RxCocoa in Frameworks */ = {isa = PBXBuildFile; productRef = D469AA372871CFED0049F1B8 /* RxCocoa */; };
		D469AA3A2871CFED0049F1B8 /* RxSwift in Frameworks */ = {isa = PBXBuildFile; productRef = D469AA392871CFED0049F1B8 /* RxSwift */; };
/* End PBXBuildFile section */

/* Begin PBXContainerItemProxy section */
		D469A9FE2871B6280049F1B8 /* PBXContainerItemProxy */ = {
			isa = PBXContainerItemProxy;
			containerPortal = D469A9DF2871B6220049F1B8 /* Project object */;
			proxyType = 1;
			remoteGlobalIDString = D469A9E62871B6220049F1B8;
			remoteInfo = TodoTimer;
		};
		D469AA082871B6280049F1B8 /* PBXContainerItemProxy */ = {
			isa = PBXContainerItemProxy;
			containerPortal = D469A9DF2871B6220049F1B8 /* Project object */;
			proxyType = 1;
			remoteGlobalIDString = D469A9E62871B6220049F1B8;
			remoteInfo = TodoTimer;
		};
/* End PBXContainerItemProxy section */

/* Begin PBXFileReference section */
		D469A9E72871B6220049F1B8 /* TodoTimer.app */ = {isa = PBXFileReference; explicitFileType = wrapper.application; includeInIndex = 0; path = TodoTimer.app; sourceTree = BUILT_PRODUCTS_DIR; };
		D469A9EA2871B6220049F1B8 /* AppDelegate.swift */ = {isa = PBXFileReference; lastKnownFileType = sourcecode.swift; path = AppDelegate.swift; sourceTree = "<group>"; };
		D469A9EC2871B6220049F1B8 /* SceneDelegate.swift */ = {isa = PBXFileReference; lastKnownFileType = sourcecode.swift; path = SceneDelegate.swift; sourceTree = "<group>"; };
		D469A9EE2871B6220049F1B8 /* ViewController.swift */ = {isa = PBXFileReference; lastKnownFileType = sourcecode.swift; path = ViewController.swift; sourceTree = "<group>"; };
		D469A9F32871B6270049F1B8 /* Assets.xcassets */ = {isa = PBXFileReference; lastKnownFileType = folder.assetcatalog; path = Assets.xcassets; sourceTree = "<group>"; };
		D469A9F62871B6270049F1B8 /* Base */ = {isa = PBXFileReference; lastKnownFileType = file.storyboard; name = Base; path = Base.lproj/LaunchScreen.storyboard; sourceTree = "<group>"; };
		D469A9F82871B6270049F1B8 /* Info.plist */ = {isa = PBXFileReference; lastKnownFileType = text.plist.xml; path = Info.plist; sourceTree = "<group>"; };
		D469A9FD2871B6280049F1B8 /* TodoTimerTests.xctest */ = {isa = PBXFileReference; explicitFileType = wrapper.cfbundle; includeInIndex = 0; path = TodoTimerTests.xctest; sourceTree = BUILT_PRODUCTS_DIR; };
		D469AA012871B6280049F1B8 /* TodoTimerTests.swift */ = {isa = PBXFileReference; lastKnownFileType = sourcecode.swift; path = TodoTimerTests.swift; sourceTree = "<group>"; };
		D469AA072871B6280049F1B8 /* TodoTimerUITests.xctest */ = {isa = PBXFileReference; explicitFileType = wrapper.cfbundle; includeInIndex = 0; path = TodoTimerUITests.xctest; sourceTree = BUILT_PRODUCTS_DIR; };
		D469AA0B2871B6280049F1B8 /* TodoTimerUITests.swift */ = {isa = PBXFileReference; lastKnownFileType = sourcecode.swift; path = TodoTimerUITests.swift; sourceTree = "<group>"; };
		D469AA0D2871B6280049F1B8 /* TodoTimerUITestsLaunchTests.swift */ = {isa = PBXFileReference; lastKnownFileType = sourcecode.swift; path = TodoTimerUITestsLaunchTests.swift; sourceTree = "<group>"; };
		D469AA242871BBA50049F1B8 /* TimerViewController.swift */ = {isa = PBXFileReference; lastKnownFileType = sourcecode.swift; path = TimerViewController.swift; sourceTree = "<group>"; };
		D469AA262871BBD10049F1B8 /* TimerLabel.swift */ = {isa = PBXFileReference; lastKnownFileType = sourcecode.swift; path = TimerLabel.swift; sourceTree = "<group>"; };
		D469AA292871C11A0049F1B8 /* UIColorExtension.swift */ = {isa = PBXFileReference; lastKnownFileType = sourcecode.swift; path = UIColorExtension.swift; sourceTree = "<group>"; };
		D469AA2B2871CA0E0049F1B8 /* TimerButton.swift */ = {isa = PBXFileReference; lastKnownFileType = sourcecode.swift; path = TimerButton.swift; sourceTree = "<group>"; };
		D469AA2D2871CC510049F1B8 /* TodoLabel.swift */ = {isa = PBXFileReference; lastKnownFileType = sourcecode.swift; path = TodoLabel.swift; sourceTree = "<group>"; };
/* End PBXFileReference section */

/* Begin PBXFrameworksBuildPhase section */
		D469A9E42871B6220049F1B8 /* Frameworks */ = {
			isa = PBXFrameworksBuildPhase;
			buildActionMask = 2147483647;
			files = (
				D469AA3A2871CFED0049F1B8 /* RxSwift in Frameworks */,
				D469AA382871CFED0049F1B8 /* RxCocoa in Frameworks */,
				D469AA222871BB340049F1B8 /* SnapKit in Frameworks */,
			);
			runOnlyForDeploymentPostprocessing = 0;
		};
		D469A9FA2871B6280049F1B8 /* Frameworks */ = {
			isa = PBXFrameworksBuildPhase;
			buildActionMask = 2147483647;
			files = (
			);
			runOnlyForDeploymentPostprocessing = 0;
		};
		D469AA042871B6280049F1B8 /* Frameworks */ = {
			isa = PBXFrameworksBuildPhase;
			buildActionMask = 2147483647;
			files = (
			);
			runOnlyForDeploymentPostprocessing = 0;
		};
/* End PBXFrameworksBuildPhase section */

/* Begin PBXGroup section */
		D469A9DE2871B6220049F1B8 = {
			isa = PBXGroup;
			children = (
				D469A9E92871B6220049F1B8 /* TodoTimer */,
				D469AA002871B6280049F1B8 /* TodoTimerTests */,
				D469AA0A2871B6280049F1B8 /* TodoTimerUITests */,
				D469A9E82871B6220049F1B8 /* Products */,
			);
			sourceTree = "<group>";
		};
		D469A9E82871B6220049F1B8 /* Products */ = {
			isa = PBXGroup;
			children = (
				D469A9E72871B6220049F1B8 /* TodoTimer.app */,
				D469A9FD2871B6280049F1B8 /* TodoTimerTests.xctest */,
				D469AA072871B6280049F1B8 /* TodoTimerUITests.xctest */,
			);
			name = Products;
			sourceTree = "<group>";
		};
		D469A9E92871B6220049F1B8 /* TodoTimer */ = {
			isa = PBXGroup;
			children = (
				D469A9EA2871B6220049F1B8 /* AppDelegate.swift */,
				D469A9EC2871B6220049F1B8 /* SceneDelegate.swift */,
				D469A9EE2871B6220049F1B8 /* ViewController.swift */,
				D469AA282871C1030049F1B8 /* Extensions */,
				D469AA232871BB8A0049F1B8 /* Views */,
				D469A9F32871B6270049F1B8 /* Assets.xcassets */,
				D469A9F52871B6270049F1B8 /* LaunchScreen.storyboard */,
				D469A9F82871B6270049F1B8 /* Info.plist */,
			);
			path = TodoTimer;
			sourceTree = "<group>";
		};
		D469AA002871B6280049F1B8 /* TodoTimerTests */ = {
			isa = PBXGroup;
			children = (
				D469AA012871B6280049F1B8 /* TodoTimerTests.swift */,
			);
			path = TodoTimerTests;
			sourceTree = "<group>";
		};
		D469AA0A2871B6280049F1B8 /* TodoTimerUITests */ = {
			isa = PBXGroup;
			children = (
				D469AA0B2871B6280049F1B8 /* TodoTimerUITests.swift */,
				D469AA0D2871B6280049F1B8 /* TodoTimerUITestsLaunchTests.swift */,
			);
			path = TodoTimerUITests;
			sourceTree = "<group>";
		};
		D469AA232871BB8A0049F1B8 /* Views */ = {
			isa = PBXGroup;
			children = (
				D469AA242871BBA50049F1B8 /* TimerViewController.swift */,
				D469AA2D2871CC510049F1B8 /* TodoLabel.swift */,
				D469AA262871BBD10049F1B8 /* TimerLabel.swift */,
				D469AA2B2871CA0E0049F1B8 /* TimerButton.swift */,
			);
			path = Views;
			sourceTree = "<group>";
		};
		D469AA282871C1030049F1B8 /* Extensions */ = {
			isa = PBXGroup;
			children = (
				D469AA292871C11A0049F1B8 /* UIColorExtension.swift */,
			);
			path = Extensions;
			sourceTree = "<group>";
		};
/* End PBXGroup section */

/* Begin PBXNativeTarget section */
		D469A9E62871B6220049F1B8 /* TodoTimer */ = {
			isa = PBXNativeTarget;
			buildConfigurationList = D469AA112871B6280049F1B8 /* Build configuration list for PBXNativeTarget "TodoTimer" */;
			buildPhases = (
				D469A9E32871B6220049F1B8 /* Sources */,
				D469A9E42871B6220049F1B8 /* Frameworks */,
				D469A9E52871B6220049F1B8 /* Resources */,
			);
			buildRules = (
			);
			dependencies = (
			);
			name = TodoTimer;
			packageProductDependencies = (
				D469AA212871BB340049F1B8 /* SnapKit */,
				D469AA372871CFED0049F1B8 /* RxCocoa */,
				D469AA392871CFED0049F1B8 /* RxSwift */,
			);
			productName = TodoTimer;
			productReference = D469A9E72871B6220049F1B8 /* TodoTimer.app */;
			productType = "com.apple.product-type.application";
		};
		D469A9FC2871B6280049F1B8 /* TodoTimerTests */ = {
			isa = PBXNativeTarget;
			buildConfigurationList = D469AA142871B6280049F1B8 /* Build configuration list for PBXNativeTarget "TodoTimerTests" */;
			buildPhases = (
				D469A9F92871B6280049F1B8 /* Sources */,
				D469A9FA2871B6280049F1B8 /* Frameworks */,
				D469A9FB2871B6280049F1B8 /* Resources */,
			);
			buildRules = (
			);
			dependencies = (
				D469A9FF2871B6280049F1B8 /* PBXTargetDependency */,
			);
			name = TodoTimerTests;
			productName = TodoTimerTests;
			productReference = D469A9FD2871B6280049F1B8 /* TodoTimerTests.xctest */;
			productType = "com.apple.product-type.bundle.unit-test";
		};
		D469AA062871B6280049F1B8 /* TodoTimerUITests */ = {
			isa = PBXNativeTarget;
			buildConfigurationList = D469AA172871B6280049F1B8 /* Build configuration list for PBXNativeTarget "TodoTimerUITests" */;
			buildPhases = (
				D469AA032871B6280049F1B8 /* Sources */,
				D469AA042871B6280049F1B8 /* Frameworks */,
				D469AA052871B6280049F1B8 /* Resources */,
			);
			buildRules = (
			);
			dependencies = (
				D469AA092871B6280049F1B8 /* PBXTargetDependency */,
			);
			name = TodoTimerUITests;
			productName = TodoTimerUITests;
			productReference = D469AA072871B6280049F1B8 /* TodoTimerUITests.xctest */;
			productType = "com.apple.product-type.bundle.ui-testing";
		};
/* End PBXNativeTarget section */

/* Begin PBXProject section */
		D469A9DF2871B6220049F1B8 /* Project object */ = {
			isa = PBXProject;
			attributes = {
				BuildIndependentTargetsInParallel = 1;
				LastSwiftUpdateCheck = 1330;
				LastUpgradeCheck = 1330;
				TargetAttributes = {
					D469A9E62871B6220049F1B8 = {
						CreatedOnToolsVersion = 13.3;
					};
					D469A9FC2871B6280049F1B8 = {
						CreatedOnToolsVersion = 13.3;
						TestTargetID = D469A9E62871B6220049F1B8;
					};
					D469AA062871B6280049F1B8 = {
						CreatedOnToolsVersion = 13.3;
						TestTargetID = D469A9E62871B6220049F1B8;
					};
				};
			};
			buildConfigurationList = D469A9E22871B6220049F1B8 /* Build configuration list for PBXProject "TodoTimer" */;
			compatibilityVersion = "Xcode 13.0";
			developmentRegion = en;
			hasScannedForEncodings = 0;
			knownRegions = (
				en,
				Base,
			);
			mainGroup = D469A9DE2871B6220049F1B8;
			packageReferences = (
				D469AA202871BB330049F1B8 /* XCRemoteSwiftPackageReference "SnapKit" */,
				D469AA362871CFED0049F1B8 /* XCRemoteSwiftPackageReference "RxSwift" */,
			);
			productRefGroup = D469A9E82871B6220049F1B8 /* Products */;
			projectDirPath = "";
			projectRoot = "";
			targets = (
				D469A9E62871B6220049F1B8 /* TodoTimer */,
				D469A9FC2871B6280049F1B8 /* TodoTimerTests */,
				D469AA062871B6280049F1B8 /* TodoTimerUITests */,
			);
		};
/* End PBXProject section */

/* Begin PBXResourcesBuildPhase section */
		D469A9E52871B6220049F1B8 /* Resources */ = {
			isa = PBXResourcesBuildPhase;
			buildActionMask = 2147483647;
			files = (
				D469A9F72871B6270049F1B8 /* LaunchScreen.storyboard in Resources */,
				D469A9F42871B6270049F1B8 /* Assets.xcassets in Resources */,
			);
			runOnlyForDeploymentPostprocessing = 0;
		};
		D469A9FB2871B6280049F1B8 /* Resources */ = {
			isa = PBXResourcesBuildPhase;
			buildActionMask = 2147483647;
			files = (
			);
			runOnlyForDeploymentPostprocessing = 0;
		};
		D469AA052871B6280049F1B8 /* Resources */ = {
			isa = PBXResourcesBuildPhase;
			buildActionMask = 2147483647;
			files = (
			);
			runOnlyForDeploymentPostprocessing = 0;
		};
/* End PBXResourcesBuildPhase section */

/* Begin PBXSourcesBuildPhase section */
		D469A9E32871B6220049F1B8 /* Sources */ = {
			isa = PBXSourcesBuildPhase;
			buildActionMask = 2147483647;
			files = (
				D469AA2E2871CC510049F1B8 /* TodoLabel.swift in Sources */,
				D469AA272871BBD20049F1B8 /* TimerLabel.swift in Sources */,
				D469AA252871BBA50049F1B8 /* TimerViewController.swift in Sources */,
				D469A9EF2871B6220049F1B8 /* ViewController.swift in Sources */,
				D469A9EB2871B6220049F1B8 /* AppDelegate.swift in Sources */,
				D469AA2C2871CA0E0049F1B8 /* TimerButton.swift in Sources */,
				D469A9ED2871B6220049F1B8 /* SceneDelegate.swift in Sources */,
				D469AA2A2871C11A0049F1B8 /* UIColorExtension.swift in Sources */,
			);
			runOnlyForDeploymentPostprocessing = 0;
		};
		D469A9F92871B6280049F1B8 /* Sources */ = {
			isa = PBXSourcesBuildPhase;
			buildActionMask = 2147483647;
			files = (
				D469AA022871B6280049F1B8 /* TodoTimerTests.swift in Sources */,
			);
			runOnlyForDeploymentPostprocessing = 0;
		};
		D469AA032871B6280049F1B8 /* Sources */ = {
			isa = PBXSourcesBuildPhase;
			buildActionMask = 2147483647;
			files = (
				D469AA0E2871B6280049F1B8 /* TodoTimerUITestsLaunchTests.swift in Sources */,
				D469AA0C2871B6280049F1B8 /* TodoTimerUITests.swift in Sources */,
			);
			runOnlyForDeploymentPostprocessing = 0;
		};
/* End PBXSourcesBuildPhase section */

/* Begin PBXTargetDependency section */
		D469A9FF2871B6280049F1B8 /* PBXTargetDependency */ = {
			isa = PBXTargetDependency;
			target = D469A9E62871B6220049F1B8 /* TodoTimer */;
			targetProxy = D469A9FE2871B6280049F1B8 /* PBXContainerItemProxy */;
		};
		D469AA092871B6280049F1B8 /* PBXTargetDependency */ = {
			isa = PBXTargetDependency;
			target = D469A9E62871B6220049F1B8 /* TodoTimer */;
			targetProxy = D469AA082871B6280049F1B8 /* PBXContainerItemProxy */;
		};
/* End PBXTargetDependency section */

/* Begin PBXVariantGroup section */
		D469A9F52871B6270049F1B8 /* LaunchScreen.storyboard */ = {
			isa = PBXVariantGroup;
			children = (
				D469A9F62871B6270049F1B8 /* Base */,
			);
			name = LaunchScreen.storyboard;
			sourceTree = "<group>";
		};
/* End PBXVariantGroup section */

/* Begin XCBuildConfiguration section */
		D469AA0F2871B6280049F1B8 /* Debug */ = {
			isa = XCBuildConfiguration;
			buildSettings = {
				ALWAYS_SEARCH_USER_PATHS = NO;
				CLANG_ANALYZER_NONNULL = YES;
				CLANG_ANALYZER_NUMBER_OBJECT_CONVERSION = YES_AGGRESSIVE;
				CLANG_CXX_LANGUAGE_STANDARD = "gnu++17";
				CLANG_ENABLE_MODULES = YES;
				CLANG_ENABLE_OBJC_ARC = YES;
				CLANG_ENABLE_OBJC_WEAK = YES;
				CLANG_WARN_BLOCK_CAPTURE_AUTORELEASING = YES;
				CLANG_WARN_BOOL_CONVERSION = YES;
				CLANG_WARN_COMMA = YES;
				CLANG_WARN_CONSTANT_CONVERSION = YES;
				CLANG_WARN_DEPRECATED_OBJC_IMPLEMENTATIONS = YES;
				CLANG_WARN_DIRECT_OBJC_ISA_USAGE = YES_ERROR;
				CLANG_WARN_DOCUMENTATION_COMMENTS = YES;
				CLANG_WARN_EMPTY_BODY = YES;
				CLANG_WARN_ENUM_CONVERSION = YES;
				CLANG_WARN_INFINITE_RECURSION = YES;
				CLANG_WARN_INT_CONVERSION = YES;
				CLANG_WARN_NON_LITERAL_NULL_CONVERSION = YES;
				CLANG_WARN_OBJC_IMPLICIT_RETAIN_SELF = YES;
				CLANG_WARN_OBJC_LITERAL_CONVERSION = YES;
				CLANG_WARN_OBJC_ROOT_CLASS = YES_ERROR;
				CLANG_WARN_QUOTED_INCLUDE_IN_FRAMEWORK_HEADER = YES;
				CLANG_WARN_RANGE_LOOP_ANALYSIS = YES;
				CLANG_WARN_STRICT_PROTOTYPES = YES;
				CLANG_WARN_SUSPICIOUS_MOVE = YES;
				CLANG_WARN_UNGUARDED_AVAILABILITY = YES_AGGRESSIVE;
				CLANG_WARN_UNREACHABLE_CODE = YES;
				CLANG_WARN__DUPLICATE_METHOD_MATCH = YES;
				COPY_PHASE_STRIP = NO;
				DEBUG_INFORMATION_FORMAT = dwarf;
				ENABLE_STRICT_OBJC_MSGSEND = YES;
				ENABLE_TESTABILITY = YES;
				GCC_C_LANGUAGE_STANDARD = gnu11;
				GCC_DYNAMIC_NO_PIC = NO;
				GCC_NO_COMMON_BLOCKS = YES;
				GCC_OPTIMIZATION_LEVEL = 0;
				GCC_PREPROCESSOR_DEFINITIONS = (
					"DEBUG=1",
					"$(inherited)",
				);
				GCC_WARN_64_TO_32_BIT_CONVERSION = YES;
				GCC_WARN_ABOUT_RETURN_TYPE = YES_ERROR;
				GCC_WARN_UNDECLARED_SELECTOR = YES;
				GCC_WARN_UNINITIALIZED_AUTOS = YES_AGGRESSIVE;
				GCC_WARN_UNUSED_FUNCTION = YES;
				GCC_WARN_UNUSED_VARIABLE = YES;
				IPHONEOS_DEPLOYMENT_TARGET = 15.4;
				MTL_ENABLE_DEBUG_INFO = INCLUDE_SOURCE;
				MTL_FAST_MATH = YES;
				ONLY_ACTIVE_ARCH = YES;
				SDKROOT = iphoneos;
				SWIFT_ACTIVE_COMPILATION_CONDITIONS = DEBUG;
				SWIFT_OPTIMIZATION_LEVEL = "-Onone";
			};
			name = Debug;
		};
		D469AA102871B6280049F1B8 /* Release */ = {
			isa = XCBuildConfiguration;
			buildSettings = {
				ALWAYS_SEARCH_USER_PATHS = NO;
				CLANG_ANALYZER_NONNULL = YES;
				CLANG_ANALYZER_NUMBER_OBJECT_CONVERSION = YES_AGGRESSIVE;
				CLANG_CXX_LANGUAGE_STANDARD = "gnu++17";
				CLANG_ENABLE_MODULES = YES;
				CLANG_ENABLE_OBJC_ARC = YES;
				CLANG_ENABLE_OBJC_WEAK = YES;
				CLANG_WARN_BLOCK_CAPTURE_AUTORELEASING = YES;
				CLANG_WARN_BOOL_CONVERSION = YES;
				CLANG_WARN_COMMA = YES;
				CLANG_WARN_CONSTANT_CONVERSION = YES;
				CLANG_WARN_DEPRECATED_OBJC_IMPLEMENTATIONS = YES;
				CLANG_WARN_DIRECT_OBJC_ISA_USAGE = YES_ERROR;
				CLANG_WARN_DOCUMENTATION_COMMENTS = YES;
				CLANG_WARN_EMPTY_BODY = YES;
				CLANG_WARN_ENUM_CONVERSION = YES;
				CLANG_WARN_INFINITE_RECURSION = YES;
				CLANG_WARN_INT_CONVERSION = YES;
				CLANG_WARN_NON_LITERAL_NULL_CONVERSION = YES;
				CLANG_WARN_OBJC_IMPLICIT_RETAIN_SELF = YES;
				CLANG_WARN_OBJC_LITERAL_CONVERSION = YES;
				CLANG_WARN_OBJC_ROOT_CLASS = YES_ERROR;
				CLANG_WARN_QUOTED_INCLUDE_IN_FRAMEWORK_HEADER = YES;
				CLANG_WARN_RANGE_LOOP_ANALYSIS = YES;
				CLANG_WARN_STRICT_PROTOTYPES = YES;
				CLANG_WARN_SUSPICIOUS_MOVE = YES;
				CLANG_WARN_UNGUARDED_AVAILABILITY = YES_AGGRESSIVE;
				CLANG_WARN_UNREACHABLE_CODE = YES;
				CLANG_WARN__DUPLICATE_METHOD_MATCH = YES;
				COPY_PHASE_STRIP = NO;
				DEBUG_INFORMATION_FORMAT = "dwarf-with-dsym";
				ENABLE_NS_ASSERTIONS = NO;
				ENABLE_STRICT_OBJC_MSGSEND = YES;
				GCC_C_LANGUAGE_STANDARD = gnu11;
				GCC_NO_COMMON_BLOCKS = YES;
				GCC_WARN_64_TO_32_BIT_CONVERSION = YES;
				GCC_WARN_ABOUT_RETURN_TYPE = YES_ERROR;
				GCC_WARN_UNDECLARED_SELECTOR = YES;
				GCC_WARN_UNINITIALIZED_AUTOS = YES_AGGRESSIVE;
				GCC_WARN_UNUSED_FUNCTION = YES;
				GCC_WARN_UNUSED_VARIABLE = YES;
				IPHONEOS_DEPLOYMENT_TARGET = 15.4;
				MTL_ENABLE_DEBUG_INFO = NO;
				MTL_FAST_MATH = YES;
				SDKROOT = iphoneos;
				SWIFT_COMPILATION_MODE = wholemodule;
				SWIFT_OPTIMIZATION_LEVEL = "-O";
				VALIDATE_PRODUCT = YES;
			};
			name = Release;
		};
		D469AA122871B6280049F1B8 /* Debug */ = {
			isa = XCBuildConfiguration;
			buildSettings = {
				ASSETCATALOG_COMPILER_APPICON_NAME = AppIcon;
				ASSETCATALOG_COMPILER_GLOBAL_ACCENT_COLOR_NAME = AccentColor;
				CODE_SIGN_STYLE = Automatic;
				CURRENT_PROJECT_VERSION = 1;
				DEVELOPMENT_TEAM = BR3T8YBB5L;
				GENERATE_INFOPLIST_FILE = YES;
				INFOPLIST_FILE = TodoTimer/Info.plist;
				INFOPLIST_KEY_UIApplicationSupportsIndirectInputEvents = YES;
				INFOPLIST_KEY_UILaunchStoryboardName = LaunchScreen;
				INFOPLIST_KEY_UISupportedInterfaceOrientations_iPad = "UIInterfaceOrientationPortrait UIInterfaceOrientationPortraitUpsideDown UIInterfaceOrientationLandscapeLeft UIInterfaceOrientationLandscapeRight";
				INFOPLIST_KEY_UISupportedInterfaceOrientations_iPhone = "UIInterfaceOrientationPortrait UIInterfaceOrientationLandscapeLeft UIInterfaceOrientationLandscapeRight";
				LD_RUNPATH_SEARCH_PATHS = (
					"$(inherited)",
					"@executable_path/Frameworks",
				);
				MARKETING_VERSION = 1.0;
				PRODUCT_BUNDLE_IDENTIFIER = com.gmail.yuukirinnma.TodoTimer;
				PRODUCT_NAME = "$(TARGET_NAME)";
				SWIFT_EMIT_LOC_STRINGS = YES;
				SWIFT_VERSION = 5.0;
				TARGETED_DEVICE_FAMILY = "1,2";
			};
			name = Debug;
		};
		D469AA132871B6280049F1B8 /* Release */ = {
			isa = XCBuildConfiguration;
			buildSettings = {
				ASSETCATALOG_COMPILER_APPICON_NAME = AppIcon;
				ASSETCATALOG_COMPILER_GLOBAL_ACCENT_COLOR_NAME = AccentColor;
				CODE_SIGN_STYLE = Automatic;
				CURRENT_PROJECT_VERSION = 1;
				DEVELOPMENT_TEAM = BR3T8YBB5L;
				GENERATE_INFOPLIST_FILE = YES;
				INFOPLIST_FILE = TodoTimer/Info.plist;
				INFOPLIST_KEY_UIApplicationSupportsIndirectInputEvents = YES;
				INFOPLIST_KEY_UILaunchStoryboardName = LaunchScreen;
				INFOPLIST_KEY_UISupportedInterfaceOrientations_iPad = "UIInterfaceOrientationPortrait UIInterfaceOrientationPortraitUpsideDown UIInterfaceOrientationLandscapeLeft UIInterfaceOrientationLandscapeRight";
				INFOPLIST_KEY_UISupportedInterfaceOrientations_iPhone = "UIInterfaceOrientationPortrait UIInterfaceOrientationLandscapeLeft UIInterfaceOrientationLandscapeRight";
				LD_RUNPATH_SEARCH_PATHS = (
					"$(inherited)",
					"@executable_path/Frameworks",
				);
				MARKETING_VERSION = 1.0;
				PRODUCT_BUNDLE_IDENTIFIER = com.gmail.yuukirinnma.TodoTimer;
				PRODUCT_NAME = "$(TARGET_NAME)";
				SWIFT_EMIT_LOC_STRINGS = YES;
				SWIFT_VERSION = 5.0;
				TARGETED_DEVICE_FAMILY = "1,2";
			};
			name = Release;
		};
		D469AA152871B6280049F1B8 /* Debug */ = {
			isa = XCBuildConfiguration;
			buildSettings = {
				ALWAYS_EMBED_SWIFT_STANDARD_LIBRARIES = YES;
				BUNDLE_LOADER = "$(TEST_HOST)";
				CODE_SIGN_STYLE = Automatic;
				CURRENT_PROJECT_VERSION = 1;
				DEVELOPMENT_TEAM = BR3T8YBB5L;
				GENERATE_INFOPLIST_FILE = YES;
				IPHONEOS_DEPLOYMENT_TARGET = 15.4;
				MARKETING_VERSION = 1.0;
				PRODUCT_BUNDLE_IDENTIFIER = com.gmail.yuukirinnma.TodoTimerTests;
				PRODUCT_NAME = "$(TARGET_NAME)";
				SWIFT_EMIT_LOC_STRINGS = NO;
				SWIFT_VERSION = 5.0;
				TARGETED_DEVICE_FAMILY = "1,2";
				TEST_HOST = "$(BUILT_PRODUCTS_DIR)/TodoTimer.app/TodoTimer";
			};
			name = Debug;
		};
		D469AA162871B6280049F1B8 /* Release */ = {
			isa = XCBuildConfiguration;
			buildSettings = {
				ALWAYS_EMBED_SWIFT_STANDARD_LIBRARIES = YES;
				BUNDLE_LOADER = "$(TEST_HOST)";
				CODE_SIGN_STYLE = Automatic;
				CURRENT_PROJECT_VERSION = 1;
				DEVELOPMENT_TEAM = BR3T8YBB5L;
				GENERATE_INFOPLIST_FILE = YES;
				IPHONEOS_DEPLOYMENT_TARGET = 15.4;
				MARKETING_VERSION = 1.0;
				PRODUCT_BUNDLE_IDENTIFIER = com.gmail.yuukirinnma.TodoTimerTests;
				PRODUCT_NAME = "$(TARGET_NAME)";
				SWIFT_EMIT_LOC_STRINGS = NO;
				SWIFT_VERSION = 5.0;
				TARGETED_DEVICE_FAMILY = "1,2";
				TEST_HOST = "$(BUILT_PRODUCTS_DIR)/TodoTimer.app/TodoTimer";
			};
			name = Release;
		};
		D469AA182871B6280049F1B8 /* Debug */ = {
			isa = XCBuildConfiguration;
			buildSettings = {
				ALWAYS_EMBED_SWIFT_STANDARD_LIBRARIES = YES;
				CODE_SIGN_STYLE = Automatic;
				CURRENT_PROJECT_VERSION = 1;
				DEVELOPMENT_TEAM = BR3T8YBB5L;
				GENERATE_INFOPLIST_FILE = YES;
				MARKETING_VERSION = 1.0;
				PRODUCT_BUNDLE_IDENTIFIER = com.gmail.yuukirinnma.TodoTimerUITests;
				PRODUCT_NAME = "$(TARGET_NAME)";
				SWIFT_EMIT_LOC_STRINGS = NO;
				SWIFT_VERSION = 5.0;
				TARGETED_DEVICE_FAMILY = "1,2";
				TEST_TARGET_NAME = TodoTimer;
			};
			name = Debug;
		};
		D469AA192871B6280049F1B8 /* Release */ = {
			isa = XCBuildConfiguration;
			buildSettings = {
				ALWAYS_EMBED_SWIFT_STANDARD_LIBRARIES = YES;
				CODE_SIGN_STYLE = Automatic;
				CURRENT_PROJECT_VERSION = 1;
				DEVELOPMENT_TEAM = BR3T8YBB5L;
				GENERATE_INFOPLIST_FILE = YES;
				MARKETING_VERSION = 1.0;
				PRODUCT_BUNDLE_IDENTIFIER = com.gmail.yuukirinnma.TodoTimerUITests;
				PRODUCT_NAME = "$(TARGET_NAME)";
				SWIFT_EMIT_LOC_STRINGS = NO;
				SWIFT_VERSION = 5.0;
				TARGETED_DEVICE_FAMILY = "1,2";
				TEST_TARGET_NAME = TodoTimer;
			};
			name = Release;
		};
/* End XCBuildConfiguration section */

/* Begin XCConfigurationList section */
		D469A9E22871B6220049F1B8 /* Build configuration list for PBXProject "TodoTimer" */ = {
			isa = XCConfigurationList;
			buildConfigurations = (
				D469AA0F2871B6280049F1B8 /* Debug */,
				D469AA102871B6280049F1B8 /* Release */,
			);
			defaultConfigurationIsVisible = 0;
			defaultConfigurationName = Release;
		};
		D469AA112871B6280049F1B8 /* Build configuration list for PBXNativeTarget "TodoTimer" */ = {
			isa = XCConfigurationList;
			buildConfigurations = (
				D469AA122871B6280049F1B8 /* Debug */,
				D469AA132871B6280049F1B8 /* Release */,
			);
			defaultConfigurationIsVisible = 0;
			defaultConfigurationName = Release;
		};
		D469AA142871B6280049F1B8 /* Build configuration list for PBXNativeTarget "TodoTimerTests" */ = {
			isa = XCConfigurationList;
			buildConfigurations = (
				D469AA152871B6280049F1B8 /* Debug */,
				D469AA162871B6280049F1B8 /* Release */,
			);
			defaultConfigurationIsVisible = 0;
			defaultConfigurationName = Release;
		};
		D469AA172871B6280049F1B8 /* Build configuration list for PBXNativeTarget "TodoTimerUITests" */ = {
			isa = XCConfigurationList;
			buildConfigurations = (
				D469AA182871B6280049F1B8 /* Debug */,
				D469AA192871B6280049F1B8 /* Release */,
			);
			defaultConfigurationIsVisible = 0;
			defaultConfigurationName = Release;
		};
/* End XCConfigurationList section */

/* Begin XCRemoteSwiftPackageReference section */
		D469AA202871BB330049F1B8 /* XCRemoteSwiftPackageReference "SnapKit" */ = {
			isa = XCRemoteSwiftPackageReference;
			repositoryURL = "https://github.com/SnapKit/SnapKit";
			requirement = {
				kind = upToNextMajorVersion;
				minimumVersion = 5.0.0;
			};
		};
		D469AA362871CFED0049F1B8 /* XCRemoteSwiftPackageReference "RxSwift" */ = {
			isa = XCRemoteSwiftPackageReference;
			repositoryURL = "https://github.com/ReactiveX/RxSwift";
			requirement = {
				kind = upToNextMajorVersion;
				minimumVersion = 6.0.0;
			};
		};
/* End XCRemoteSwiftPackageReference section */

/* Begin XCSwiftPackageProductDependency section */
		D469AA212871BB340049F1B8 /* SnapKit */ = {
			isa = XCSwiftPackageProductDependency;
			package = D469AA202871BB330049F1B8 /* XCRemoteSwiftPackageReference "SnapKit" */;
			productName = SnapKit;
		};
		D469AA372871CFED0049F1B8 /* RxCocoa */ = {
			isa = XCSwiftPackageProductDependency;
			package = D469AA362871CFED0049F1B8 /* XCRemoteSwiftPackageReference "RxSwift" */;
			productName = RxCocoa;
		};
		D469AA392871CFED0049F1B8 /* RxSwift */ = {
			isa = XCSwiftPackageProductDependency;
			package = D469AA362871CFED0049F1B8 /* XCRemoteSwiftPackageReference "RxSwift" */;
			productName = RxSwift;
		};
/* End XCSwiftPackageProductDependency section */
	};
	rootObject = D469A9DF2871B6220049F1B8 /* Project object */;
}
